{
  "name": "shroom-design-bridge-plugin",
  "version": "1.0.0",
  "lockfileVersion": 3,
  "requires": true,
  "packages": {
    "": {
      "name": "shroom-design-bridge-plugin",
      "version": "1.0.0",
      "devDependencies": {
        "@mastergo/plugin-typings": "^2.19.1"
      },
      "engines": {
        "node": ">=18"
      }
    },
    "node_modules/@mastergo/plugin-typings": {
      "version": "2.19.1",
      "resolved": "https://registry.npmmirror.com/@mastergo/plugin-typings/-/plugin-typings-2.19.1.tgz",
      "integrity": "sha512-jVTldko+1J8MQWYJHajjw4pPw65X/rR7JrzGnBa7SkyaSG1eH7rqg4mZkV/Hm7aXC0WA6Mv4LKFqsBOZvdfYag==",
      "dev": true,
      "license": "MIT"
    }
  }
}
